
Microsoft Visual Studio Solution File, Format Version 12.00
# Visual Studio 2012
Project("{FAE04EC0-301F-11D3-BF4B-00C04F79EFBC}") = "AkMed App Design", "AkMed App Design\AkMed App Design.csproj", "{D7339E0E-3AA6-405D-B960-17D9EDF44C17}"
EndProject
Global
	GlobalSection(SolutionConfigurationPlatforms) = preSolution
		Debug|Any CPU = Debug|Any CPU
		Release|Any CPU = Release|Any CPU
	EndGlobalSection
	GlobalSection(ProjectConfigurationPlatforms) = postSolution
		{D7339E0E-3AA6-405D-B960-17D9EDF44C17}.Debug|Any CPU.ActiveCfg = Debug|Any CPU
		{D7339E0E-3AA6-405D-B960-17D9EDF44C17}.Debug|Any CPU.Build.0 = Debug|Any CPU
		{D7339E0E-3AA6-405D-B960-17D9EDF44C17}.Release|Any CPU.ActiveCfg = Release|Any CPU
		{D7339E0E-3AA6-405D-B960-17D9EDF44C17}.Release|Any CPU.Build.0 = Release|Any CPU
	EndGlobalSection
	GlobalSection(SolutionProperties) = preSolution
		HideSolutionNode = FALSE
	EndGlobalSection
EndGlobal
